
Microsoft Visual Studio Solution File, Format Version 12.00
Project("{2150E333-8FDC-42A3-9474-1A3956D46DE8}") = "Common", "Common", "{498BE90C-A95F-4E53-A6F8-5F1C543BF9E9}"
EndProject
Project("{2150E333-8FDC-42A3-9474-1A3956D46DE8}") = "Core", "Core", "{ACF7B9A5-C71A-4235-B1D4-159B6DD4BE91}"
EndProject
Project("{2150E333-8FDC-42A3-9474-1A3956D46DE8}") = "Infrastructure", "Infrastructure", "{0A1AEA17-1534-49B5-A54D-3E34C78F6B8D}"
EndProject
Project("{2150E333-8FDC-42A3-9474-1A3956D46DE8}") = "Presentation", "Presentation", "{A27BF619-8659-4FCC-8B95-4A7C6F1E9017}"
EndProject
Project("{2150E333-8FDC-42A3-9474-1A3956D46DE8}") = "Tests", "Tests", "{0C1DAA51-0A66-498D-BCBE-CC76ED9FA8A1}"
EndProject
Project("{FAE04EC0-301F-11D3-BF4B-00C04F79EFBC}") = "Common", "src\Common\Common.csproj", "{DA96808E-78E7-492C-8A6C-EEAE1740C1F3}"
EndProject
Project("{FAE04EC0-301F-11D3-BF4B-00C04F79EFBC}") = "Application", "src\Application\Application.csproj", "{554DD0FA-8EB8-453C-8DF5-1EAC09BC8887}"
EndProject
Project("{FAE04EC0-301F-11D3-BF4B-00C04F79EFBC}") = "Domain", "src\Domain\Domain.csproj", "{A1751B33-420C-4355-B0E5-796F202A01B4}"
EndProject
Project("{FAE04EC0-301F-11D3-BF4B-00C04F79EFBC}") = "Infrastructure", "src\Infrastructure\Infrastructure.csproj", "{F77F5993-F66E-4271-ADB0-DD1ED70AD8B6}"
EndProject
Project("{FAE04EC0-301F-11D3-BF4B-00C04F79EFBC}") = "Persistence", "src\Persistence\Persistence.csproj", "{C4562980-1091-46A5-B940-D5854119BEE7}"
EndProject
Project("{FAE04EC0-301F-11D3-BF4B-00C04F79EFBC}") = "Api", "src\Api\Api.csproj", "{D0173FA4-2857-4730-B766-F0F0AC4152A5}"
EndProject
Project("{FAE04EC0-301F-11D3-BF4B-00C04F79EFBC}") = "Web", "src\Web\Web.csproj", "{AA25A6FA-88B7-4463-B9F3-6B1E3984FDE2}"
EndProject
Project("{FAE04EC0-301F-11D3-BF4B-00C04F79EFBC}") = "CommonTests", "tests\CommonTests\CommonTests.csproj", "{823EBAD4-1F12-41DA-B476-FECCF054E101}"
EndProject
Project("{FAE04EC0-301F-11D3-BF4B-00C04F79EFBC}") = "Application.IntegrationTests", "tests\Application.IntegrationTests\Application.IntegrationTests.csproj", "{80E53DEE-5C73-410F-816A-1D430DA233F9}"
EndProject
Global
	GlobalSection(SolutionConfigurationPlatforms) = preSolution
		Debug|Any CPU = Debug|Any CPU
		Release|Any CPU = Release|Any CPU
	EndGlobalSection
	GlobalSection(NestedProjects) = preSolution
		{DA96808E-78E7-492C-8A6C-EEAE1740C1F3} = {498BE90C-A95F-4E53-A6F8-5F1C543BF9E9}
		{554DD0FA-8EB8-453C-8DF5-1EAC09BC8887} = {ACF7B9A5-C71A-4235-B1D4-159B6DD4BE91}
		{A1751B33-420C-4355-B0E5-796F202A01B4} = {ACF7B9A5-C71A-4235-B1D4-159B6DD4BE91}
		{F77F5993-F66E-4271-ADB0-DD1ED70AD8B6} = {0A1AEA17-1534-49B5-A54D-3E34C78F6B8D}
		{C4562980-1091-46A5-B940-D5854119BEE7} = {0A1AEA17-1534-49B5-A54D-3E34C78F6B8D}
		{D0173FA4-2857-4730-B766-F0F0AC4152A5} = {A27BF619-8659-4FCC-8B95-4A7C6F1E9017}
		{AA25A6FA-88B7-4463-B9F3-6B1E3984FDE2} = {A27BF619-8659-4FCC-8B95-4A7C6F1E9017}
		{823EBAD4-1F12-41DA-B476-FECCF054E101} = {0C1DAA51-0A66-498D-BCBE-CC76ED9FA8A1}
		{80E53DEE-5C73-410F-816A-1D430DA233F9} = {0C1DAA51-0A66-498D-BCBE-CC76ED9FA8A1}
	EndGlobalSection
	GlobalSection(ProjectConfigurationPlatforms) = postSolution
		{DA96808E-78E7-492C-8A6C-EEAE1740C1F3}.Debug|Any CPU.ActiveCfg = Debug|Any CPU
		{DA96808E-78E7-492C-8A6C-EEAE1740C1F3}.Debug|Any CPU.Build.0 = Debug|Any CPU
		{DA96808E-78E7-492C-8A6C-EEAE1740C1F3}.Release|Any CPU.ActiveCfg = Release|Any CPU
		{DA96808E-78E7-492C-8A6C-EEAE1740C1F3}.Release|Any CPU.Build.0 = Release|Any CPU
		{554DD0FA-8EB8-453C-8DF5-1EAC09BC8887}.Debug|Any CPU.ActiveCfg = Debug|Any CPU
		{554DD0FA-8EB8-453C-8DF5-1EAC09BC8887}.Debug|Any CPU.Build.0 = Debug|Any CPU
		{554DD0FA-8EB8-453C-8DF5-1EAC09BC8887}.Release|Any CPU.ActiveCfg = Release|Any CPU
		{554DD0FA-8EB8-453C-8DF5-1EAC09BC8887}.Release|Any CPU.Build.0 = Release|Any CPU
		{A1751B33-420C-4355-B0E5-796F202A01B4}.Debug|Any CPU.ActiveCfg = Debug|Any CPU
		{A1751B33-420C-4355-B0E5-796F202A01B4}.Debug|Any CPU.Build.0 = Debug|Any CPU
		{A1751B33-420C-4355-B0E5-796F202A01B4}.Release|Any CPU.ActiveCfg = Release|Any CPU
		{A1751B33-420C-4355-B0E5-796F202A01B4}.Release|Any CPU.Build.0 = Release|Any CPU
		{F77F5993-F66E-4271-ADB0-DD1ED70AD8B6}.Debug|Any CPU.ActiveCfg = Debug|Any CPU
		{F77F5993-F66E-4271-ADB0-DD1ED70AD8B6}.Debug|Any CPU.Build.0 = Debug|Any CPU
		{F77F5993-F66E-4271-ADB0-DD1ED70AD8B6}.Release|Any CPU.ActiveCfg = Release|Any CPU
		{F77F5993-F66E-4271-ADB0-DD1ED70AD8B6}.Release|Any CPU.Build.0 = Release|Any CPU
		{C4562980-1091-46A5-B940-D5854119BEE7}.Debug|Any CPU.ActiveCfg = Debug|Any CPU
		{C4562980-1091-46A5-B940-D5854119BEE7}.Debug|Any CPU.Build.0 = Debug|Any CPU
		{C4562980-1091-46A5-B940-D5854119BEE7}.Release|Any CPU.ActiveCfg = Release|Any CPU
		{C4562980-1091-46A5-B940-D5854119BEE7}.Release|Any CPU.Build.0 = Release|Any CPU
		{D0173FA4-2857-4730-B766-F0F0AC4152A5}.Debug|Any CPU.ActiveCfg = Debug|Any CPU
		{D0173FA4-2857-4730-B766-F0F0AC4152A5}.Debug|Any CPU.Build.0 = Debug|Any CPU
		{D0173FA4-2857-4730-B766-F0F0AC4152A5}.Release|Any CPU.ActiveCfg = Release|Any CPU
		{D0173FA4-2857-4730-B766-F0F0AC4152A5}.Release|Any CPU.Build.0 = Release|Any CPU
		{AA25A6FA-88B7-4463-B9F3-6B1E3984FDE2}.Debug|Any CPU.ActiveCfg = Debug|Any CPU
		{AA25A6FA-88B7-4463-B9F3-6B1E3984FDE2}.Debug|Any CPU.Build.0 = Debug|Any CPU
		{AA25A6FA-88B7-4463-B9F3-6B1E3984FDE2}.Release|Any CPU.ActiveCfg = Release|Any CPU
		{AA25A6FA-88B7-4463-B9F3-6B1E3984FDE2}.Release|Any CPU.Build.0 = Release|Any CPU
		{823EBAD4-1F12-41DA-B476-FECCF054E101}.Debug|Any CPU.ActiveCfg = Debug|Any CPU
		{823EBAD4-1F12-41DA-B476-FECCF054E101}.Debug|Any CPU.Build.0 = Debug|Any CPU
		{823EBAD4-1F12-41DA-B476-FECCF054E101}.Release|Any CPU.ActiveCfg = Release|Any CPU
		{823EBAD4-1F12-41DA-B476-FECCF054E101}.Release|Any CPU.Build.0 = Release|Any CPU
		{80E53DEE-5C73-410F-816A-1D430DA233F9}.Debug|Any CPU.ActiveCfg = Debug|Any CPU
		{80E53DEE-5C73-410F-816A-1D430DA233F9}.Debug|Any CPU.Build.0 = Debug|Any CPU
		{80E53DEE-5C73-410F-816A-1D430DA233F9}.Release|Any CPU.ActiveCfg = Release|Any CPU
		{80E53DEE-5C73-410F-816A-1D430DA233F9}.Release|Any CPU.Build.0 = Release|Any CPU
	EndGlobalSection
EndGlobal
